
Microsoft Visual Studio Solution File, Format Version 12.00
# Visual Studio Version 17
VisualStudioVersion = 17.4.33403.182
MinimumVisualStudioVersion = 10.0.40219.1
Project("{9A19103F-16F7-4668-BE54-9A1E7A4F7556}") = "Figures", "Figures\Figures.csproj", "{77F59D24-F852-4A78-86BB-E66A33CB8A9E}"
EndProject
Project("{9A19103F-16F7-4668-BE54-9A1E7A4F7556}") = "FiguresCommon", "FiguresCommon\FiguresCommon.csproj", "{8989FFB0-6EF5-42D4-940C-7103D4E9AEE2}"
EndProject
Project("{FAE04EC0-301F-11D3-BF4B-00C04F79EFBC}") = "FiguresCommonTests", "FiguresCommonTests\FiguresCommonTests.csproj", "{E330AA02-FF0A-4297-8CC0-1975F1A5DEF0}"
EndProject
Global
	GlobalSection(SolutionConfigurationPlatforms) = preSolution
		Debug|Any CPU = Debug|Any CPU
		Release|Any CPU = Release|Any CPU
	EndGlobalSection
	GlobalSection(ProjectConfigurationPlatforms) = postSolution
		{77F59D24-F852-4A78-86BB-E66A33CB8A9E}.Debug|Any CPU.ActiveCfg = Debug|Any CPU
		{77F59D24-F852-4A78-86BB-E66A33CB8A9E}.Debug|Any CPU.Build.0 = Debug|Any CPU
		{77F59D24-F852-4A78-86BB-E66A33CB8A9E}.Release|Any CPU.ActiveCfg = Release|Any CPU
		{77F59D24-F852-4A78-86BB-E66A33CB8A9E}.Release|Any CPU.Build.0 = Release|Any CPU
		{8989FFB0-6EF5-42D4-940C-7103D4E9AEE2}.Debug|Any CPU.ActiveCfg = Debug|Any CPU
		{8989FFB0-6EF5-42D4-940C-7103D4E9AEE2}.Debug|Any CPU.Build.0 = Debug|Any CPU
		{8989FFB0-6EF5-42D4-940C-7103D4E9AEE2}.Release|Any CPU.ActiveCfg = Release|Any CPU
		{8989FFB0-6EF5-42D4-940C-7103D4E9AEE2}.Release|Any CPU.Build.0 = Release|Any CPU
		{E330AA02-FF0A-4297-8CC0-1975F1A5DEF0}.Debug|Any CPU.ActiveCfg = Debug|Any CPU
		{E330AA02-FF0A-4297-8CC0-1975F1A5DEF0}.Debug|Any CPU.Build.0 = Debug|Any CPU
		{E330AA02-FF0A-4297-8CC0-1975F1A5DEF0}.Release|Any CPU.ActiveCfg = Release|Any CPU
		{E330AA02-FF0A-4297-8CC0-1975F1A5DEF0}.Release|Any CPU.Build.0 = Release|Any CPU
	EndGlobalSection
	GlobalSection(SolutionProperties) = preSolution
		HideSolutionNode = FALSE
	EndGlobalSection
	GlobalSection(ExtensibilityGlobals) = postSolution
		SolutionGuid = {8CDFCFF4-81D0-4F83-BBE8-96F1E4A42B5D}
	EndGlobalSection
EndGlobal
